
Microsoft Visual Studio Solution File, Format Version 12.00
# Visual Studio Version 17
VisualStudioVersion = 17.11.35208.52
MinimumVisualStudioVersion = 10.0.40219.1
Project("{FAE04EC0-301F-11D3-BF4B-00C04F79EFBC}") = "AirTekSpeedyAir", "AirTekSpeedyAir\AirTekSpeedyAir.csproj", "{74DB3243-E3B4-4658-90BB-E63633D03DD1}"
EndProject
Global
	GlobalSection(SolutionConfigurationPlatforms) = preSolution
		Debug|Any CPU = Debug|Any CPU
		Release|Any CPU = Release|Any CPU
	EndGlobalSection
	GlobalSection(ProjectConfigurationPlatforms) = postSolution
		{74DB3243-E3B4-4658-90BB-E63633D03DD1}.Debug|Any CPU.ActiveCfg = Debug|Any CPU
		{74DB3243-E3B4-4658-90BB-E63633D03DD1}.Debug|Any CPU.Build.0 = Debug|Any CPU
		{74DB3243-E3B4-4658-90BB-E63633D03DD1}.Release|Any CPU.ActiveCfg = Release|Any CPU
		{74DB3243-E3B4-4658-90BB-E63633D03DD1}.Release|Any CPU.Build.0 = Release|Any CPU
	EndGlobalSection
	GlobalSection(SolutionProperties) = preSolution
		HideSolutionNode = FALSE
	EndGlobalSection
	GlobalSection(ExtensibilityGlobals) = postSolution
		SolutionGuid = {FDFC78F8-9EF8-4022-A2D9-BCBB4CC583C8}
	EndGlobalSection
EndGlobal
